bcrypt==4.3.0
black==25.12.0
cfgv==3.5.0
click==8.3.2
coverage==7.13.5
customtkinter==5.2.2
darkdetect==0.8.0
distlib==0.4.0
et_xmlfile==2.0.0
filelock==3.29.0
flake8==7.3.0
future==1.0.0
identify==2.6.19
iniconfig==2.3.0
librt==0.9.0
mccabe==0.7.0
mypy==1.20.2
mypy_extensions==1.1.0
nodeenv==1.10.0
openpyxl==3.1.5
packaging==26.1
pathspec==1.0.4
pillow==11.3.0
platformdirs==4.9.6
pluggy==1.6.0
pre_commit==4.6.0
pycodestyle==2.14.0
pyflakes==3.4.0
Pygments==2.20.0
pytest==8.4.2
pytest-cov==6.3.0
python-discovery==1.2.2
pytokens==0.4.1
PyYAML==6.0.3
pyzk==0.9
types-openpyxl==3.1.5.20260408
typing_extensions==4.15.0
virtualenv==21.2.4
